
Microsoft Visual Studio Solution File, Format Version 12.00
# Visual Studio Version 17
VisualStudioVersion = 17.5.002.0
MinimumVisualStudioVersion = 10.0.40219.1
Project("{9A19103F-16F7-4668-BE54-9A1E7A4F7556}") = "Aula03Colecoes", "Aula03Colecoes.csproj", "{E3C6992B-62E9-4B1E-929B-52F0C6D723DC}"
EndProject
Global
	GlobalSection(SolutionConfigurationPlatforms) = preSolution
		Debug|Any CPU = Debug|Any CPU
		Release|Any CPU = Release|Any CPU
	EndGlobalSection
	GlobalSection(ProjectConfigurationPlatforms) = postSolution
		{E3C6992B-62E9-4B1E-929B-52F0C6D723DC}.Debug|Any CPU.ActiveCfg = Debug|Any CPU
		{E3C6992B-62E9-4B1E-929B-52F0C6D723DC}.Debug|Any CPU.Build.0 = Debug|Any CPU
		{E3C6992B-62E9-4B1E-929B-52F0C6D723DC}.Release|Any CPU.ActiveCfg = Release|Any CPU
		{E3C6992B-62E9-4B1E-929B-52F0C6D723DC}.Release|Any CPU.Build.0 = Release|Any CPU
	EndGlobalSection
	GlobalSection(SolutionProperties) = preSolution
		HideSolutionNode = FALSE
	EndGlobalSection
	GlobalSection(ExtensibilityGlobals) = postSolution
		SolutionGuid = {F736B95E-25BA-4C04-A753-712B65D0ACAF}
	EndGlobalSection
EndGlobal
